
Microsoft Visual Studio Solution File, Format Version 11.00
# Visual Studio 2010
Project("{FAE04EC0-301F-11D3-BF4B-00C04F79EFBC}") = "Virtual_Hotspot", "Virtual_Hotspot\Virtual_Hotspot.csproj", "{D3F4AE79-A174-4895-9F4B-6AB6D4C4FF71}"
EndProject
Project("{54435603-DBB4-11D2-8724-00A0C9A8B90C}") = "Setup1", "Setup1\Setup1.vdproj", "{B6BFA750-B24D-4912-9535-888CEAFD09DA}"
EndProject
Global
	GlobalSection(SolutionConfigurationPlatforms) = preSolution
		Debug|x86 = Debug|x86
		Release|x86 = Release|x86
	EndGlobalSection
	GlobalSection(ProjectConfigurationPlatforms) = postSolution
		{D3F4AE79-A174-4895-9F4B-6AB6D4C4FF71}.Debug|x86.ActiveCfg = Debug|x86
		{D3F4AE79-A174-4895-9F4B-6AB6D4C4FF71}.Debug|x86.Build.0 = Debug|x86
		{D3F4AE79-A174-4895-9F4B-6AB6D4C4FF71}.Release|x86.ActiveCfg = Release|x86
		{D3F4AE79-A174-4895-9F4B-6AB6D4C4FF71}.Release|x86.Build.0 = Release|x86
		{B6BFA750-B24D-4912-9535-888CEAFD09DA}.Debug|x86.ActiveCfg = Debug
		{B6BFA750-B24D-4912-9535-888CEAFD09DA}.Release|x86.ActiveCfg = Release
	EndGlobalSection
	GlobalSection(SolutionProperties) = preSolution
		HideSolutionNode = FALSE
	EndGlobalSection
EndGlobal
